// !$*UTF8*$!
{
	archiveVersion = 1;
	classes = {
	};
	objectVersion = 46;
	objects = {

/* Begin PBXBuildFile section */
		24E01A7442F83911BDB4C608 /* Pods_YouTube.framework in Frameworks */ = {isa = PBXBuildFile; fileRef = C2CCF25AB6B234644EB89295 /* Pods_YouTube.framework */; };
		F353D4C31D86548C0051C52A /* Channel.swift in Sources */ = {isa = PBXBuildFile; fileRef = F353D4C21D86548C0051C52A /* Channel.swift */; };
		F353D4C71D8662300051C52A /* SnippetChannel.swift in Sources */ = {isa = PBXBuildFile; fileRef = F353D4C61D8662300051C52A /* SnippetChannel.swift */; };
		F353D4C91D866A230051C52A /* VideoService.swift in Sources */ = {isa = PBXBuildFile; fileRef = F353D4C81D866A230051C52A /* VideoService.swift */; };
		F353D4CB1D866A620051C52A /* CategoryService.swift in Sources */ = {isa = PBXBuildFile; fileRef = F353D4CA1D866A620051C52A /* CategoryService.swift */; };
		F35EE5941D5CC6CE005464CC /* PlayVideoCell.swift in Sources */ = {isa = PBXBuildFile; fileRef = F35EE5921D5CC6CE005464CC /* PlayVideoCell.swift */; };
		F35EE5951D5CC6CE005464CC /* PlayVideoCell.xib in Resources */ = {isa = PBXBuildFile; fileRef = F35EE5931D5CC6CE005464CC /* PlayVideoCell.xib */; };
		F35EE5981D5CC774005464CC /* DecriptVideoCell.swift in Sources */ = {isa = PBXBuildFile; fileRef = F35EE5961D5CC774005464CC /* DecriptVideoCell.swift */; };
		F35EE5991D5CC774005464CC /* DecriptVideoCell.xib in Resources */ = {isa = PBXBuildFile; fileRef = F35EE5971D5CC774005464CC /* DecriptVideoCell.xib */; };
		F36FDB6A1D74717B00504A19 /* CustomTabBarController.swift in Sources */ = {isa = PBXBuildFile; fileRef = F36FDB691D74717B00504A19 /* CustomTabBarController.swift */; };
		F36FDB6C1D74758400504A19 /* TabBarView.swift in Sources */ = {isa = PBXBuildFile; fileRef = F36FDB6B1D74758400504A19 /* TabBarView.swift */; };
		F36FDB6E1D7475A200504A19 /* TabBarView.xib in Resources */ = {isa = PBXBuildFile; fileRef = F36FDB6D1D7475A200504A19 /* TabBarView.xib */; };
		F374C2361D76C3E7005EC196 /* ButtonCell.swift in Sources */ = {isa = PBXBuildFile; fileRef = F374C2341D76C3E7005EC196 /* ButtonCell.swift */; };
		F374C2371D76C3E7005EC196 /* ButtonCell.xib in Resources */ = {isa = PBXBuildFile; fileRef = F374C2351D76C3E7005EC196 /* ButtonCell.xib */; };
		F374C23A1D76DC5F005EC196 /* RealmManager.swift in Sources */ = {isa = PBXBuildFile; fileRef = F374C2391D76DC5F005EC196 /* RealmManager.swift */; };
		F37778141D5AE6A000AC2075 /* Category.swift in Sources */ = {isa = PBXBuildFile; fileRef = F37778131D5AE6A000AC2075 /* Category.swift */; };
		F37778161D5AE6E700AC2075 /* Video.swift in Sources */ = {isa = PBXBuildFile; fileRef = F37778151D5AE6E700AC2075 /* Video.swift */; };
		F37778181D5AEA9A00AC2075 /* UIImageView.swift in Sources */ = {isa = PBXBuildFile; fileRef = F37778171D5AEA9A00AC2075 /* UIImageView.swift */; };
		F37A0C5A1D558FE100CD7CC9 /* YTPlayerView.m in Sources */ = {isa = PBXBuildFile; fileRef = F37A0C591D558FE100CD7CC9 /* YTPlayerView.m */; };
		F37A0C5C1D558FF700CD7CC9 /* YTPlayerView-iframe-player.html in Resources */ = {isa = PBXBuildFile; fileRef = F37A0C5B1D558FF700CD7CC9 /* YTPlayerView-iframe-player.html */; };
		F37C65791D6BFED9000AA778 /* Font.swift in Sources */ = {isa = PBXBuildFile; fileRef = F37C65781D6BFED9000AA778 /* Font.swift */; };
		F37C657C1D6BFF28000AA778 /* HistoryCell.swift in Sources */ = {isa = PBXBuildFile; fileRef = F37C657A1D6BFF28000AA778 /* HistoryCell.swift */; };
		F37C657D1D6BFF28000AA778 /* HistoryCell.xib in Resources */ = {isa = PBXBuildFile; fileRef = F37C657B1D6BFF28000AA778 /* HistoryCell.xib */; };
		F37C65811D6C3959000AA778 /* SearchViewController.swift in Sources */ = {isa = PBXBuildFile; fileRef = F37C657F1D6C3959000AA778 /* SearchViewController.swift */; };
		F37C65821D6C3959000AA778 /* SearchViewController.xib in Resources */ = {isa = PBXBuildFile; fileRef = F37C65801D6C3959000AA778 /* SearchViewController.xib */; };
		F37ED8F01D6D3E6D006205E5 /* ResultSearchCell.swift in Sources */ = {isa = PBXBuildFile; fileRef = F37ED8EE1D6D3E6D006205E5 /* ResultSearchCell.swift */; };
		F37ED8F11D6D3E6D006205E5 /* ResultSearchCell.xib in Resources */ = {isa = PBXBuildFile; fileRef = F37ED8EF1D6D3E6D006205E5 /* ResultSearchCell.xib */; };
		F39598951D59B9120030BF82 /* UIView.swift in Sources */ = {isa = PBXBuildFile; fileRef = F39598941D59B9120030BF82 /* UIView.swift */; };
		F3985F8F1D7D23E400B85E1F /* AICustomViewControllerTransition.swift in Sources */ = {isa = PBXBuildFile; fileRef = F3985F8E1D7D23E400B85E1F /* AICustomViewControllerTransition.swift */; };
		F3985F911D7D24EF00B85E1F /* DraggableVideo.swift in Sources */ = {isa = PBXBuildFile; fileRef = F3985F901D7D24EF00B85E1F /* DraggableVideo.swift */; };
		F39A2CAD1D550F51003FC772 /* AppDelegate.swift in Sources */ = {isa = PBXBuildFile; fileRef = F39A2CAC1D550F51003FC772 /* AppDelegate.swift */; };
		F39A2CB51D550FC0003FC772 /* Assets.xcassets in Resources */ = {isa = PBXBuildFile; fileRef = F39A2CB41D550FC0003FC772 /* Assets.xcassets */; };
		F39A2CB81D550FC7003FC772 /* LaunchScreen.storyboard in Resources */ = {isa = PBXBuildFile; fileRef = F39A2CB61D550FC7003FC772 /* LaunchScreen.storyboard */; };
		F39A2CBE1D5510F8003FC772 /* HomeViewController.swift in Sources */ = {isa = PBXBuildFile; fileRef = F39A2CBC1D5510F8003FC772 /* HomeViewController.swift */; };
		F39A2CBF1D5510F8003FC772 /* HomeViewController.xib in Resources */ = {isa = PBXBuildFile; fileRef = F39A2CBD1D5510F8003FC772 /* HomeViewController.xib */; };
		F39A2CC11D55111F003FC772 /* BaseCollectionView.swift in Sources */ = {isa = PBXBuildFile; fileRef = F39A2CC01D55111F003FC772 /* BaseCollectionView.swift */; };
		F39A2CC31D551134003FC772 /* BaseCollectionViewCell.swift in Sources */ = {isa = PBXBuildFile; fileRef = F39A2CC21D551134003FC772 /* BaseCollectionViewCell.swift */; };
		F39A2CC51D55114C003FC772 /* BaseNavigationController.swift in Sources */ = {isa = PBXBuildFile; fileRef = F39A2CC41D55114C003FC772 /* BaseNavigationController.swift */; };
		F39A2CC71D551161003FC772 /* BaseTableView.swift in Sources */ = {isa = PBXBuildFile; fileRef = F39A2CC61D551161003FC772 /* BaseTableView.swift */; };
		F39A2CC91D55117B003FC772 /* BaseTableViewCell.swift in Sources */ = {isa = PBXBuildFile; fileRef = F39A2CC81D55117B003FC772 /* BaseTableViewCell.swift */; };
		F39A2CCB1D551191003FC772 /* BaseView.swift in Sources */ = {isa = PBXBuildFile; fileRef = F39A2CCA1D551191003FC772 /* BaseView.swift */; };
		F39A2CCD1D5511AE003FC772 /* BaseViewController.swift in Sources */ = {isa = PBXBuildFile; fileRef = F39A2CCC1D5511AE003FC772 /* BaseViewController.swift */; };
		F39A2CCF1D5511D6003FC772 /* BaseTabbarViewController.swift in Sources */ = {isa = PBXBuildFile; fileRef = F39A2CCE1D5511D6003FC772 /* BaseTabbarViewController.swift */; };
		F39A2CD11D5512A3003FC772 /* APIDefine.swift in Sources */ = {isa = PBXBuildFile; fileRef = F39A2CD01D5512A3003FC772 /* APIDefine.swift */; };
		F39A2CD31D5512BB003FC772 /* APIRequest.swift in Sources */ = {isa = PBXBuildFile; fileRef = F39A2CD21D5512BB003FC772 /* APIRequest.swift */; };
		F39A2CD51D5512F1003FC772 /* UIColor.swift in Sources */ = {isa = PBXBuildFile; fileRef = F39A2CD41D5512F1003FC772 /* UIColor.swift */; };
		F39A2CD71D551309003FC772 /* AppDefine.swift in Sources */ = {isa = PBXBuildFile; fileRef = F39A2CD61D551309003FC772 /* AppDefine.swift */; };
		F39A2CE41D551745003FC772 /* Neutra Text TF Light Demi.ttf in Resources */ = {isa = PBXBuildFile; fileRef = F39A2CE21D551745003FC772 /* Neutra Text TF Light Demi.ttf */; };
		F39A2CE51D551745003FC772 /* ufont.otf in Resources */ = {isa = PBXBuildFile; fileRef = F39A2CE31D551745003FC772 /* ufont.otf */; };
		F39A2CEC1D551AB7003FC772 /* FavoriteViewController.swift in Sources */ = {isa = PBXBuildFile; fileRef = F39A2CEA1D551AB7003FC772 /* FavoriteViewController.swift */; };
		F39A2CED1D551AB7003FC772 /* FavoriteViewController.xib in Resources */ = {isa = PBXBuildFile; fileRef = F39A2CEB1D551AB7003FC772 /* FavoriteViewController.xib */; };
		F3A1F5501D6474C2006C4C9C /* History.swift in Sources */ = {isa = PBXBuildFile; fileRef = F3A1F54F1D6474C2006C4C9C /* History.swift */; };
		F3AAFB521DA1395300244736 /* PlayListViewController.swift in Sources */ = {isa = PBXBuildFile; fileRef = F3AAFB501DA1395300244736 /* PlayListViewController.swift */; };
		F3AAFB531DA1395300244736 /* PlayListViewController.xib in Resources */ = {isa = PBXBuildFile; fileRef = F3AAFB511DA1395300244736 /* PlayListViewController.xib */; };
		F3B097BD1D555E90000D9E84 /* ContentViewController.swift in Sources */ = {isa = PBXBuildFile; fileRef = F3B097BB1D555E90000D9E84 /* ContentViewController.swift */; };
		F3B097BE1D555E90000D9E84 /* ContentViewController.xib in Resources */ = {isa = PBXBuildFile; fileRef = F3B097BC1D555E90000D9E84 /* ContentViewController.xib */; };
		F3B097C11D5561CF000D9E84 /* CategoryCell.swift in Sources */ = {isa = PBXBuildFile; fileRef = F3B097BF1D5561CF000D9E84 /* CategoryCell.swift */; };
		F3B097C21D5561CF000D9E84 /* CategoryCell.xib in Resources */ = {isa = PBXBuildFile; fileRef = F3B097C01D5561CF000D9E84 /* CategoryCell.xib */; };
		F3B097C51D5562EB000D9E84 /* HomeCell.swift in Sources */ = {isa = PBXBuildFile; fileRef = F3B097C31D5562EB000D9E84 /* HomeCell.swift */; };
		F3B097C61D5562EB000D9E84 /* HomeCell.xib in Resources */ = {isa = PBXBuildFile; fileRef = F3B097C41D5562EB000D9E84 /* HomeCell.xib */; };
		F3B097C91D556DCE000D9E84 /* FavoriteCell.swift in Sources */ = {isa = PBXBuildFile; fileRef = F3B097C71D556DCE000D9E84 /* FavoriteCell.swift */; };
		F3B097CA1D556DCE000D9E84 /* FavoriteCell.xib in Resources */ = {isa = PBXBuildFile; fileRef = F3B097C81D556DCE000D9E84 /* FavoriteCell.xib */; };
		F3B097DE1D557264000D9E84 /* HistoryViewController.swift in Sources */ = {isa = PBXBuildFile; fileRef = F3B097DC1D557264000D9E84 /* HistoryViewController.swift */; };
		F3B097DF1D557264000D9E84 /* HistoryViewController.xib in Resources */ = {isa = PBXBuildFile; fileRef = F3B097DD1D557264000D9E84 /* HistoryViewController.xib */; };
		F3B097E21D5572A2000D9E84 /* DetailFavoriteViewController.swift in Sources */ = {isa = PBXBuildFile; fileRef = F3B097E01D5572A2000D9E84 /* DetailFavoriteViewController.swift */; };
		F3B097E31D5572A2000D9E84 /* DetailFavoriteViewController.xib in Resources */ = {isa = PBXBuildFile; fileRef = F3B097E11D5572A2000D9E84 /* DetailFavoriteViewController.xib */; };
		F3B097E61D5575A5000D9E84 /* DetailVideoViewController.swift in Sources */ = {isa = PBXBuildFile; fileRef = F3B097E41D5575A5000D9E84 /* DetailVideoViewController.swift */; };
		F3B097E71D5575A5000D9E84 /* DetailVideoViewController.xib in Resources */ = {isa = PBXBuildFile; fileRef = F3B097E51D5575A5000D9E84 /* DetailVideoViewController.xib */; };
		F3B097FD1D557FC2000D9E84 /* AddFavoriteViewController.swift in Sources */ = {isa = PBXBuildFile; fileRef = F3B097FB1D557FC2000D9E84 /* AddFavoriteViewController.swift */; };
		F3B097FE1D557FC2000D9E84 /* AddFavoriteViewController.xib in Resources */ = {isa = PBXBuildFile; fileRef = F3B097FC1D557FC2000D9E84 /* AddFavoriteViewController.xib */; };
		F3B2F9921D65A8050082FE1B /* String.swift in Sources */ = {isa = PBXBuildFile; fileRef = F3B2F9911D65A8050082FE1B /* String.swift */; };
		F3E07AF01D5C5B3D00DAB7C9 /* Favorite.swift in Sources */ = {isa = PBXBuildFile; fileRef = F3E07AEF1D5C5B3D00DAB7C9 /* Favorite.swift */; };
		F3E07AF21D5C86F000DAB7C9 /* ListVideoFavorite.swift in Sources */ = {isa = PBXBuildFile; fileRef = F3E07AF11D5C86F000DAB7C9 /* ListVideoFavorite.swift */; };
		F3E07AF61D5C89B200DAB7C9 /* VideoFavoriteCell.swift in Sources */ = {isa = PBXBuildFile; fileRef = F3E07AF41D5C89B200DAB7C9 /* VideoFavoriteCell.swift */; };
		F3E07AF71D5C89B200DAB7C9 /* VideoFavoriteCell.xib in Resources */ = {isa = PBXBuildFile; fileRef = F3E07AF51D5C89B200DAB7C9 /* VideoFavoriteCell.xib */; };
		F3E58B931D6AA6C1004BB244 /* Message.swift in Sources */ = {isa = PBXBuildFile; fileRef = F3E58B921D6AA6C1004BB244 /* Message.swift */; };
		F3E58B9A1D6B1CAB004BB244 /* NotificationDefine.swift in Sources */ = {isa = PBXBuildFile; fileRef = F3E58B991D6B1CAB004BB244 /* NotificationDefine.swift */; };
		F3E58B9C1D6B1CE6004BB244 /* TabbarDefine.swift in Sources */ = {isa = PBXBuildFile; fileRef = F3E58B9B1D6B1CE6004BB244 /* TabbarDefine.swift */; };
		F3E825ED1D62A093005C6647 /* TrendingViewController.swift in Sources */ = {isa = PBXBuildFile; fileRef = F3E825EB1D62A093005C6647 /* TrendingViewController.swift */; };
		F3E825EE1D62A093005C6647 /* TrendingViewController.xib in Resources */ = {isa = PBXBuildFile; fileRef = F3E825EC1D62A093005C6647 /* TrendingViewController.xib */; };
/* End PBXBuildFile section */

/* Begin PBXFileReference section */
		435F9E24889FD396A037DDA8 /* Pods-YouTube.release.xcconfig */ = {isa = PBXFileReference; includeInIndex = 1; lastKnownFileType = text.xcconfig; name = "Pods-YouTube.release.xcconfig"; path = "Pods/Target Support Files/Pods-YouTube/Pods-YouTube.release.xcconfig"; sourceTree = "<group>"; };
		70E2451E2A40AB9366DF073C /* Pods-YouTube.debug.xcconfig */ = {isa = PBXFileReference; includeInIndex = 1; lastKnownFileType = text.xcconfig; name = "Pods-YouTube.debug.xcconfig"; path = "Pods/Target Support Files/Pods-YouTube/Pods-YouTube.debug.xcconfig"; sourceTree = "<group>"; };
		C2CCF25AB6B234644EB89295 /* Pods_YouTube.framework */ = {isa = PBXFileReference; explicitFileType = wrapper.framework; includeInIndex = 0; path = Pods_YouTube.framework; sourceTree = BUILT_PRODUCTS_DIR; };
		F353D4C21D86548C0051C52A /* Channel.swift */ = {isa = PBXFileReference; fileEncoding = 4; lastKnownFileType = sourcecode.swift; path = Channel.swift; sourceTree = "<group>"; };
		F353D4C61D8662300051C52A /* SnippetChannel.swift */ = {isa = PBXFileReference; fileEncoding = 4; lastKnownFileType = sourcecode.swift; path = SnippetChannel.swift; sourceTree = "<group>"; };
		F353D4C81D866A230051C52A /* VideoService.swift */ = {isa = PBXFileReference; fileEncoding = 4; lastKnownFileType = sourcecode.swift; path = VideoService.swift; sourceTree = "<group>"; };
		F353D4CA1D866A620051C52A /* CategoryService.swift */ = {isa = PBXFileReference; fileEncoding = 4; lastKnownFileType = sourcecode.swift; path = CategoryService.swift; sourceTree = "<group>"; };
		F35EE5921D5CC6CE005464CC /* PlayVideoCell.swift */ = {isa = PBXFileReference; fileEncoding = 4; lastKnownFileType = sourcecode.swift; path = PlayVideoCell.swift; sourceTree = "<group>"; };
		F35EE5931D5CC6CE005464CC /* PlayVideoCell.xib */ = {isa = PBXFileReference; fileEncoding = 4; lastKnownFileType = file.xib; path = PlayVideoCell.xib; sourceTree = "<group>"; };
		F35EE5961D5CC774005464CC /* DecriptVideoCell.swift */ = {isa = PBXFileReference; fileEncoding = 4; lastKnownFileType = sourcecode.swift; path = DecriptVideoCell.swift; sourceTree = "<group>"; };
		F35EE5971D5CC774005464CC /* DecriptVideoCell.xib */ = {isa = PBXFileReference; fileEncoding = 4; lastKnownFileType = file.xib; path = DecriptVideoCell.xib; sourceTree = "<group>"; };
		F36FDB691D74717B00504A19 /* CustomTabBarController.swift */ = {isa = PBXFileReference; fileEncoding = 4; lastKnownFileType = sourcecode.swift; path = CustomTabBarController.swift; sourceTree = "<group>"; };
		F36FDB6B1D74758400504A19 /* TabBarView.swift */ = {isa = PBXFileReference; fileEncoding = 4; lastKnownFileType = sourcecode.swift; path = TabBarView.swift; sourceTree = "<group>"; };
		F36FDB6D1D7475A200504A19 /* TabBarView.xib */ = {isa = PBXFileReference; fileEncoding = 4; lastKnownFileType = file.xib; path = TabBarView.xib; sourceTree = "<group>"; };
		F374C2341D76C3E7005EC196 /* ButtonCell.swift */ = {isa = PBXFileReference; fileEncoding = 4; lastKnownFileType = sourcecode.swift; path = ButtonCell.swift; sourceTree = "<group>"; };
		F374C2351D76C3E7005EC196 /* ButtonCell.xib */ = {isa = PBXFileReference; fileEncoding = 4; lastKnownFileType = file.xib; path = ButtonCell.xib; sourceTree = "<group>"; };
		F374C2391D76DC5F005EC196 /* RealmManager.swift */ = {isa = PBXFileReference; fileEncoding = 4; lastKnownFileType = sourcecode.swift; path = RealmManager.swift; sourceTree = "<group>"; };
		F37778131D5AE6A000AC2075 /* Category.swift */ = {isa = PBXFileReference; fileEncoding = 4; lastKnownFileType = sourcecode.swift; path = Category.swift; sourceTree = "<group>"; };
		F37778151D5AE6E700AC2075 /* Video.swift */ = {isa = PBXFileReference; fileEncoding = 4; lastKnownFileType = sourcecode.swift; path = Video.swift; sourceTree = "<group>"; };
		F37778171D5AEA9A00AC2075 /* UIImageView.swift */ = {isa = PBXFileReference; fileEncoding = 4; lastKnownFileType = sourcecode.swift; path = UIImageView.swift; sourceTree = "<group>"; };
		F37A0C571D558FE000CD7CC9 /* YouTube-Bridging-Header.h */ = {isa = PBXFileReference; lastKnownFileType = sourcecode.c.h; name = "YouTube-Bridging-Header.h"; path = "../YouTube-Bridging-Header.h"; sourceTree = "<group>"; };
		F37A0C581D558FE100CD7CC9 /* YTPlayerView.h */ = {isa = PBXFileReference; fileEncoding = 4; lastKnownFileType = sourcecode.c.h; name = YTPlayerView.h; path = ../YTPlayerView.h; sourceTree = "<group>"; };
		F37A0C591D558FE100CD7CC9 /* YTPlayerView.m */ = {isa = PBXFileReference; fileEncoding = 4; lastKnownFileType = sourcecode.c.objc; name = YTPlayerView.m; path = ../YTPlayerView.m; sourceTree = "<group>"; };
		F37A0C5B1D558FF700CD7CC9 /* YTPlayerView-iframe-player.html */ = {isa = PBXFileReference; fileEncoding = 4; lastKnownFileType = text.html; name = "YTPlayerView-iframe-player.html"; path = "../YTPlayerView-iframe-player.html"; sourceTree = "<group>"; };
		F37C65781D6BFED9000AA778 /* Font.swift */ = {isa = PBXFileReference; fileEncoding = 4; lastKnownFileType = sourcecode.swift; path = Font.swift; sourceTree = "<group>"; };
		F37C657A1D6BFF28000AA778 /* HistoryCell.swift */ = {isa = PBXFileReference; fileEncoding = 4; lastKnownFileType = sourcecode.swift; path = HistoryCell.swift; sourceTree = "<group>"; };
		F37C657B1D6BFF28000AA778 /* HistoryCell.xib */ = {isa = PBXFileReference; fileEncoding = 4; lastKnownFileType = file.xib; path = HistoryCell.xib; sourceTree = "<group>"; };
		F37C657F1D6C3959000AA778 /* SearchViewController.swift */ = {isa = PBXFileReference; fileEncoding = 4; lastKnownFileType = sourcecode.swift; path = SearchViewController.swift; sourceTree = "<group>"; };
		F37C65801D6C3959000AA778 /* SearchViewController.xib */ = {isa = PBXFileReference; fileEncoding = 4; lastKnownFileType = file.xib; path = SearchViewController.xib; sourceTree = "<group>"; };
		F37ED8EE1D6D3E6D006205E5 /* ResultSearchCell.swift */ = {isa = PBXFileReference; fileEncoding = 4; lastKnownFileType = sourcecode.swift; path = ResultSearchCell.swift; sourceTree = "<group>"; };
		F37ED8EF1D6D3E6D006205E5 /* ResultSearchCell.xib */ = {isa = PBXFileReference; fileEncoding = 4; lastKnownFileType = file.xib; path = ResultSearchCell.xib; sourceTree = "<group>"; };
		F393C0441D5DBF7C000F6818 /* Arial.ttf */ = {isa = PBXFileReference; lastKnownFileType = file; path = Arial.ttf; sourceTree = "<group>"; };
		F393C0451D5DBF7C000F6818 /* ArialBold.ttf */ = {isa = PBXFileReference; lastKnownFileType = file; path = ArialBold.ttf; sourceTree = "<group>"; };
		F393C0461D5DBF7C000F6818 /* TimesNewRoman.ttf */ = {isa = PBXFileReference; lastKnownFileType = file; path = TimesNewRoman.ttf; sourceTree = "<group>"; };
		F393C04A1D5DC122000F6818 /* PhoneKeyCaps.ttf */ = {isa = PBXFileReference; lastKnownFileType = file; path = PhoneKeyCaps.ttf; sourceTree = "<group>"; };
		F39598941D59B9120030BF82 /* UIView.swift */ = {isa = PBXFileReference; fileEncoding = 4; lastKnownFileType = sourcecode.swift; path = UIView.swift; sourceTree = "<group>"; };
		F3985F8E1D7D23E400B85E1F /* AICustomViewControllerTransition.swift */ = {isa = PBXFileReference; fileEncoding = 4; lastKnownFileType = sourcecode.swift; path = AICustomViewControllerTransition.swift; sourceTree = "<group>"; };
		F3985F901D7D24EF00B85E1F /* DraggableVideo.swift */ = {isa = PBXFileReference; fileEncoding = 4; lastKnownFileType = sourcecode.swift; path = DraggableVideo.swift; sourceTree = "<group>"; };
		F39A2C8C1D550E8F003FC772 /* YouTube.app */ = {isa = PBXFileReference; explicitFileType = wrapper.application; includeInIndex = 0; path = YouTube.app; sourceTree = BUILT_PRODUCTS_DIR; };
		F39A2C9B1D550E8F003FC772 /* Info.plist */ = {isa = PBXFileReference; lastKnownFileType = text.plist.xml; name = Info.plist; path = ../Info.plist; sourceTree = "<group>"; };
		F39A2CAC1D550F51003FC772 /* AppDelegate.swift */ = {isa = PBXFileReference; fileEncoding = 4; lastKnownFileType = sourcecode.swift; path = AppDelegate.swift; sourceTree = "<group>"; };
		F39A2CB41D550FC0003FC772 /* Assets.xcassets */ = {isa = PBXFileReference; lastKnownFileType = folder.assetcatalog; path = Assets.xcassets; sourceTree = "<group>"; };
		F39A2CB71D550FC7003FC772 /* Base */ = {isa = PBXFileReference; lastKnownFileType = file.storyboard; name = Base; path = Base.lproj/LaunchScreen.storyboard; sourceTree = "<group>"; };
		F39A2CBC1D5510F8003FC772 /* HomeViewController.swift */ = {isa = PBXFileReference; fileEncoding = 4; lastKnownFileType = sourcecode.swift; path = HomeViewController.swift; sourceTree = "<group>"; };
		F39A2CBD1D5510F8003FC772 /* HomeViewController.xib */ = {isa = PBXFileReference; fileEncoding = 4; lastKnownFileType = file.xib; path = HomeViewController.xib; sourceTree = "<group>"; };
		F39A2CC01D55111F003FC772 /* BaseCollectionView.swift */ = {isa = PBXFileReference; fileEncoding = 4; lastKnownFileType = sourcecode.swift; path = BaseCollectionView.swift; sourceTree = "<group>"; };
		F39A2CC21D551134003FC772 /* BaseCollectionViewCell.swift */ = {isa = PBXFileReference; fileEncoding = 4; lastKnownFileType = sourcecode.swift; path = BaseCollectionViewCell.swift; sourceTree = "<group>"; };
		F39A2CC41D55114C003FC772 /* BaseNavigationController.swift */ = {isa = PBXFileReference; fileEncoding = 4; lastKnownFileType = sourcecode.swift; path = BaseNavigationController.swift; sourceTree = "<group>"; };
		F39A2CC61D551161003FC772 /* BaseTableView.swift */ = {isa = PBXFileReference; fileEncoding = 4; lastKnownFileType = sourcecode.swift; path = BaseTableView.swift; sourceTree = "<group>"; };
		F39A2CC81D55117B003FC772 /* BaseTableViewCell.swift */ = {isa = PBXFileReference; fileEncoding = 4; lastKnownFileType = sourcecode.swift; path = BaseTableViewCell.swift; sourceTree = "<group>"; };
		F39A2CCA1D551191003FC772 /* BaseView.swift */ = {isa = PBXFileReference; fileEncoding = 4; lastKnownFileType = sourcecode.swift; path = BaseView.swift; sourceTree = "<group>"; };
		F39A2CCC1D5511AE003FC772 /* BaseViewController.swift */ = {isa = PBXFileReference; fileEncoding = 4; lastKnownFileType = sourcecode.swift; path = BaseViewController.swift; sourceTree = "<group>"; };
		F39A2CCE1D5511D6003FC772 /* BaseTabbarViewController.swift */ = {isa = PBXFileReference; fileEncoding = 4; lastKnownFileType = sourcecode.swift; path = BaseTabbarViewController.swift; sourceTree = "<group>"; };
		F39A2CD01D5512A3003FC772 /* APIDefine.swift */ = {isa = PBXFileReference; fileEncoding = 4; lastKnownFileType = sourcecode.swift; path = APIDefine.swift; sourceTree = "<group>"; };
		F39A2CD21D5512BB003FC772 /* APIRequest.swift */ = {isa = PBXFileReference; fileEncoding = 4; lastKnownFileType = sourcecode.swift; path = APIRequest.swift; sourceTree = "<group>"; };
		F39A2CD41D5512F1003FC772 /* UIColor.swift */ = {isa = PBXFileReference; fileEncoding = 4; lastKnownFileType = sourcecode.swift; path = UIColor.swift; sourceTree = "<group>"; };
		F39A2CD61D551309003FC772 /* AppDefine.swift */ = {isa = PBXFileReference; fileEncoding = 4; lastKnownFileType = sourcecode.swift; path = AppDefine.swift; sourceTree = "<group>"; };
		F39A2CE21D551745003FC772 /* Neutra Text TF Light Demi.ttf */ = {isa = PBXFileReference; lastKnownFileType = file; name = "Neutra Text TF Light Demi.ttf"; path = "../../../../../Define/Fonts/Neutra Text TF Light Demi.ttf"; sourceTree = "<group>"; };
		F39A2CE31D551745003FC772 /* ufont.otf */ = {isa = PBXFileReference; lastKnownFileType = file; name = ufont.otf; path = ../../../../../Define/Fonts/ufont.otf; sourceTree = "<group>"; };
		F39A2CEA1D551AB7003FC772 /* FavoriteViewController.swift */ = {isa = PBXFileReference; fileEncoding = 4; lastKnownFileType = sourcecode.swift; path = FavoriteViewController.swift; sourceTree = "<group>"; };
		F39A2CEB1D551AB7003FC772 /* FavoriteViewController.xib */ = {isa = PBXFileReference; fileEncoding = 4; lastKnownFileType = file.xib; path = FavoriteViewController.xib; sourceTree = "<group>"; };
		F3A1F54F1D6474C2006C4C9C /* History.swift */ = {isa = PBXFileReference; fileEncoding = 4; lastKnownFileType = sourcecode.swift; path = History.swift; sourceTree = "<group>"; };
		F3AAFB501DA1395300244736 /* PlayListViewController.swift */ = {isa = PBXFileReference; fileEncoding = 4; lastKnownFileType = sourcecode.swift; path = PlayListViewController.swift; sourceTree = "<group>"; };
		F3AAFB511DA1395300244736 /* PlayListViewController.xib */ = {isa = PBXFileReference; fileEncoding = 4; lastKnownFileType = file.xib; path = PlayListViewController.xib; sourceTree = "<group>"; };
		F3B097BB1D555E90000D9E84 /* ContentViewController.swift */ = {isa = PBXFileReference; fileEncoding = 4; lastKnownFileType = sourcecode.swift; path = ContentViewController.swift; sourceTree = "<group>"; };
		F3B097BC1D555E90000D9E84 /* ContentViewController.xib */ = {isa = PBXFileReference; fileEncoding = 4; lastKnownFileType = file.xib; path = ContentViewController.xib; sourceTree = "<group>"; };
		F3B097BF1D5561CF000D9E84 /* CategoryCell.swift */ = {isa = PBXFileReference; fileEncoding = 4; lastKnownFileType = sourcecode.swift; path = CategoryCell.swift; sourceTree = "<group>"; };
		F3B097C01D5561CF000D9E84 /* CategoryCell.xib */ = {isa = PBXFileReference; fileEncoding = 4; lastKnownFileType = file.xib; path = CategoryCell.xib; sourceTree = "<group>"; };
		F3B097C31D5562EB000D9E84 /* HomeCell.swift */ = {isa = PBXFileReference; fileEncoding = 4; lastKnownFileType = sourcecode.swift; path = HomeCell.swift; sourceTree = "<group>"; };
		F3B097C41D5562EB000D9E84 /* HomeCell.xib */ = {isa = PBXFileReference; fileEncoding = 4; lastKnownFileType = file.xib; path = HomeCell.xib; sourceTree = "<group>"; };
		F3B097C71D556DCE000D9E84 /* FavoriteCell.swift */ = {isa = PBXFileReference; fileEncoding = 4; lastKnownFileType = sourcecode.swift; path = FavoriteCell.swift; sourceTree = "<group>"; };
		F3B097C81D556DCE000D9E84 /* FavoriteCell.xib */ = {isa = PBXFileReference; fileEncoding = 4; lastKnownFileType = file.xib; path = FavoriteCell.xib; sourceTree = "<group>"; };
		F3B097DC1D557264000D9E84 /* HistoryViewController.swift */ = {isa = PBXFileReference; fileEncoding = 4; lastKnownFileType = sourcecode.swift; path = HistoryViewController.swift; sourceTree = "<group>"; };
		F3B097DD1D557264000D9E84 /* HistoryViewController.xib */ = {isa = PBXFileReference; fileEncoding = 4; lastKnownFileType = file.xib; path = HistoryViewController.xib; sourceTree = "<group>"; };
		F3B097E01D5572A2000D9E84 /* DetailFavoriteViewController.swift */ = {isa = PBXFileReference; fileEncoding = 4; lastKnownFileType = sourcecode.swift; path = DetailFavoriteViewController.swift; sourceTree = "<group>"; };
		F3B097E11D5572A2000D9E84 /* DetailFavoriteViewController.xib */ = {isa = PBXFileReference; fileEncoding = 4; lastKnownFileType = file.xib; path = DetailFavoriteViewController.xib; sourceTree = "<group>"; };
		F3B097E41D5575A5000D9E84 /* DetailVideoViewController.swift */ = {isa = PBXFileReference; fileEncoding = 4; lastKnownFileType = sourcecode.swift; path = DetailVideoViewController.swift; sourceTree = "<group>"; };
		F3B097E51D5575A5000D9E84 /* DetailVideoViewController.xib */ = {isa = PBXFileReference; fileEncoding = 4; lastKnownFileType = file.xib; path = DetailVideoViewController.xib; sourceTree = "<group>"; };
		F3B097FB1D557FC2000D9E84 /* AddFavoriteViewController.swift */ = {isa = PBXFileReference; fileEncoding = 4; lastKnownFileType = sourcecode.swift; path = AddFavoriteViewController.swift; sourceTree = "<group>"; };
		F3B097FC1D557FC2000D9E84 /* AddFavoriteViewController.xib */ = {isa = PBXFileReference; fileEncoding = 4; lastKnownFileType = file.xib; path = AddFavoriteViewController.xib; sourceTree = "<group>"; };
		F3B2F9911D65A8050082FE1B /* String.swift */ = {isa = PBXFileReference; fileEncoding = 4; lastKnownFileType = sourcecode.swift; path = String.swift; sourceTree = "<group>"; };
		F3E07AEF1D5C5B3D00DAB7C9 /* Favorite.swift */ = {isa = PBXFileReference; fileEncoding = 4; lastKnownFileType = sourcecode.swift; path = Favorite.swift; sourceTree = "<group>"; };
		F3E07AF11D5C86F000DAB7C9 /* ListVideoFavorite.swift */ = {isa = PBXFileReference; fileEncoding = 4; lastKnownFileType = sourcecode.swift; path = ListVideoFavorite.swift; sourceTree = "<group>"; };
		F3E07AF41D5C89B200DAB7C9 /* VideoFavoriteCell.swift */ = {isa = PBXFileReference; fileEncoding = 4; lastKnownFileType = sourcecode.swift; path = VideoFavoriteCell.swift; sourceTree = "<group>"; };
		F3E07AF51D5C89B200DAB7C9 /* VideoFavoriteCell.xib */ = {isa = PBXFileReference; fileEncoding = 4; lastKnownFileType = file.xib; path = VideoFavoriteCell.xib; sourceTree = "<group>"; };
		F3E58B921D6AA6C1004BB244 /* Message.swift */ = {isa = PBXFileReference; fileEncoding = 4; lastKnownFileType = sourcecode.swift; path = Message.swift; sourceTree = "<group>"; };
		F3E58B991D6B1CAB004BB244 /* NotificationDefine.swift */ = {isa = PBXFileReference; fileEncoding = 4; lastKnownFileType = sourcecode.swift; path = NotificationDefine.swift; sourceTree = "<group>"; };
		F3E58B9B1D6B1CE6004BB244 /* TabbarDefine.swift */ = {isa = PBXFileReference; fileEncoding = 4; lastKnownFileType = sourcecode.swift; path = TabbarDefine.swift; sourceTree = "<group>"; };
		F3E825EB1D62A093005C6647 /* TrendingViewController.swift */ = {isa = PBXFileReference; fileEncoding = 4; lastKnownFileType = sourcecode.swift; path = TrendingViewController.swift; sourceTree = "<group>"; };
		F3E825EC1D62A093005C6647 /* TrendingViewController.xib */ = {isa = PBXFileReference; fileEncoding = 4; lastKnownFileType = file.xib; path = TrendingViewController.xib; sourceTree = "<group>"; };
/* End PBXFileReference section */

/* Begin PBXFrameworksBuildPhase section */
		F39A2C891D550E8F003FC772 /* Frameworks */ = {
			isa = PBXFrameworksBuildPhase;
			buildActionMask = 2147483647;
			files = (
				24E01A7442F83911BDB4C608 /* Pods_YouTube.framework in Frameworks */,
			);
			runOnlyForDeploymentPostprocessing = 0;
		};
/* End PBXFrameworksBuildPhase section */

/* Begin PBXGroup section */
		92948E6C44264981D7ED8333 /* Pods */ = {
			isa = PBXGroup;
			children = (
				70E2451E2A40AB9366DF073C /* Pods-YouTube.debug.xcconfig */,
				435F9E24889FD396A037DDA8 /* Pods-YouTube.release.xcconfig */,
			);
			name = Pods;
			sourceTree = "<group>";
		};
		F1F672EE570AC877E8D18D1B /* Frameworks */ = {
			isa = PBXGroup;
			children = (
				C2CCF25AB6B234644EB89295 /* Pods_YouTube.framework */,
			);
			name = Frameworks;
			sourceTree = "<group>";
		};
		F35EE58F1D5CC6B4005464CC /* DecriptVideoCell */ = {
			isa = PBXGroup;
			children = (
				F35EE5961D5CC774005464CC /* DecriptVideoCell.swift */,
				F35EE5971D5CC774005464CC /* DecriptVideoCell.xib */,
			);
			path = DecriptVideoCell;
			sourceTree = "<group>";
		};
		F35EE5911D5CC6B4005464CC /* PlayVideoCell */ = {
			isa = PBXGroup;
			children = (
				F35EE5921D5CC6CE005464CC /* PlayVideoCell.swift */,
				F35EE5931D5CC6CE005464CC /* PlayVideoCell.xib */,
			);
			path = PlayVideoCell;
			sourceTree = "<group>";
		};
		F36FDB5F1D746B4200504A19 /* TabbarView */ = {
			isa = PBXGroup;
			children = (
				F36FDB6B1D74758400504A19 /* TabBarView.swift */,
				F36FDB6D1D7475A200504A19 /* TabBarView.xib */,
			);
			path = TabbarView;
			sourceTree = "<group>";
		};
		F36FDB601D746B4F00504A19 /* CustomTabBarViewController */ = {
			isa = PBXGroup;
			children = (
				F36FDB691D74717B00504A19 /* CustomTabBarController.swift */,
			);
			path = CustomTabBarViewController;
			sourceTree = "<group>";
		};
		F374C2331D76C3D0005EC196 /* ButtonCell */ = {
			isa = PBXGroup;
			children = (
				F374C2341D76C3E7005EC196 /* ButtonCell.swift */,
				F374C2351D76C3E7005EC196 /* ButtonCell.xib */,
			);
			path = ButtonCell;
			sourceTree = "<group>";
		};
		F374C2381D76DC4F005EC196 /* Realm */ = {
			isa = PBXGroup;
			children = (
				F374C2391D76DC5F005EC196 /* RealmManager.swift */,
			);
			path = Realm;
			sourceTree = "<group>";
		};
		F377781B1D5AF3C400AC2075 /* Video */ = {
			isa = PBXGroup;
			children = (
				F353D4C81D866A230051C52A /* VideoService.swift */,
			);
			path = Video;
			sourceTree = "<group>";
		};
		F37C657E1D6C394A000AA778 /* SearchViewController */ = {
			isa = PBXGroup;
			children = (
				F37C657F1D6C3959000AA778 /* SearchViewController.swift */,
				F37C65801D6C3959000AA778 /* SearchViewController.xib */,
			);
			path = SearchViewController;
			sourceTree = "<group>";
		};
		F37ED8ED1D6D3E3B006205E5 /* ResultSearchCell */ = {
			isa = PBXGroup;
			children = (
				F37ED8EE1D6D3E6D006205E5 /* ResultSearchCell.swift */,
				F37ED8EF1D6D3E6D006205E5 /* ResultSearchCell.xib */,
			);
			path = ResultSearchCell;
			sourceTree = "<group>";
		};
		F3985F8D1D7D23CC00B85E1F /* DraggableViewController */ = {
			isa = PBXGroup;
			children = (
				F3985F8E1D7D23E400B85E1F /* AICustomViewControllerTransition.swift */,
				F3985F901D7D24EF00B85E1F /* DraggableVideo.swift */,
			);
			path = DraggableViewController;
			sourceTree = "<group>";
		};
		F39A2C831D550E8F003FC772 = {
			isa = PBXGroup;
			children = (
				F39A2C8E1D550E8F003FC772 /* YouTube */,
				F39A2C8D1D550E8F003FC772 /* Products */,
				92948E6C44264981D7ED8333 /* Pods */,
				F1F672EE570AC877E8D18D1B /* Frameworks */,
			);
			sourceTree = "<group>";
		};
		F39A2C8D1D550E8F003FC772 /* Products */ = {
			isa = PBXGroup;
			children = (
				F39A2C8C1D550E8F003FC772 /* YouTube.app */,
			);
			name = Products;
			sourceTree = "<group>";
		};
		F39A2C8E1D550E8F003FC772 /* YouTube */ = {
			isa = PBXGroup;
			children = (
				F39A2CA11D550F2C003FC772 /* Classes */,
				F39A2CA91D550F2C003FC772 /* Libraries */,
				F39A2CB31D550F81003FC772 /* Resources */,
				F39A2CAB1D550F2C003FC772 /* Target */,
			);
			path = YouTube;
			sourceTree = "<group>";
		};
		F39A2CA11D550F2C003FC772 /* Classes */ = {
			isa = PBXGroup;
			children = (
				F374C2381D76DC4F005EC196 /* Realm */,
				F39A2CA71D550F2C003FC772 /* Models */,
				F377781B1D5AF3C400AC2075 /* Video */,
				F39A2CA21D550F2C003FC772 /* AppDelegate */,
				F39A2CA31D550F2C003FC772 /* Base */,
				F39A2CA41D550F2C003FC772 /* Categories */,
				F39A2CA51D550F2C003FC772 /* Common */,
				F39A2CA61D550F2C003FC772 /* CustomViews */,
				F39A2CB91D55104F003FC772 /* ViewControllers */,
				F39A2CA81D550F2C003FC772 /* Webservices */,
			);
			path = Classes;
			sourceTree = "<group>";
		};
		F39A2CA21D550F2C003FC772 /* AppDelegate */ = {
			isa = PBXGroup;
			children = (
				F39A2CAC1D550F51003FC772 /* AppDelegate.swift */,
			);
			path = AppDelegate;
			sourceTree = "<group>";
		};
		F39A2CA31D550F2C003FC772 /* Base */ = {
			isa = PBXGroup;
			children = (
				F39A2CC01D55111F003FC772 /* BaseCollectionView.swift */,
				F39A2CC21D551134003FC772 /* BaseCollectionViewCell.swift */,
				F39A2CC41D55114C003FC772 /* BaseNavigationController.swift */,
				F39A2CC61D551161003FC772 /* BaseTableView.swift */,
				F39A2CC81D55117B003FC772 /* BaseTableViewCell.swift */,
				F39A2CCA1D551191003FC772 /* BaseView.swift */,
				F39A2CCC1D5511AE003FC772 /* BaseViewController.swift */,
				F39A2CCE1D5511D6003FC772 /* BaseTabbarViewController.swift */,
			);
			path = Base;
			sourceTree = "<group>";
		};
		F39A2CA41D550F2C003FC772 /* Categories */ = {
			isa = PBXGroup;
			children = (
				F353D4CA1D866A620051C52A /* CategoryService.swift */,
			);
			path = Categories;
			sourceTree = "<group>";
		};
		F39A2CA51D550F2C003FC772 /* Common */ = {
			isa = PBXGroup;
			children = (
				F39A2CD41D5512F1003FC772 /* UIColor.swift */,
				F39A2CD61D551309003FC772 /* AppDefine.swift */,
				F39598941D59B9120030BF82 /* UIView.swift */,
				F37778171D5AEA9A00AC2075 /* UIImageView.swift */,
				F3B2F9911D65A8050082FE1B /* String.swift */,
				F3E58B921D6AA6C1004BB244 /* Message.swift */,
				F3E58B991D6B1CAB004BB244 /* NotificationDefine.swift */,
				F3E58B9B1D6B1CE6004BB244 /* TabbarDefine.swift */,
				F37C65781D6BFED9000AA778 /* Font.swift */,
			);
			path = Common;
			sourceTree = "<group>";
		};
		F39A2CA61D550F2C003FC772 /* CustomViews */ = {
			isa = PBXGroup;
			children = (
				F374C2331D76C3D0005EC196 /* ButtonCell */,
				F36FDB5F1D746B4200504A19 /* TabbarView */,
				F37ED8ED1D6D3E3B006205E5 /* ResultSearchCell */,
				F35EE58F1D5CC6B4005464CC /* DecriptVideoCell */,
				F35EE5911D5CC6B4005464CC /* PlayVideoCell */,
				F3E07AF31D5C899700DAB7C9 /* VideoFavoriteCell */,
				F39A2CDE1D5516FE003FC772 /* CategoryCell */,
				F39A2CDF1D5516FE003FC772 /* FavoriteCell */,
				F39A2CE01D5516FE003FC772 /* HistoryCell */,
				F39A2CE11D5516FE003FC772 /* HomeCell */,
			);
			path = CustomViews;
			sourceTree = "<group>";
		};
		F39A2CA71D550F2C003FC772 /* Models */ = {
			isa = PBXGroup;
			children = (
				F37778131D5AE6A000AC2075 /* Category.swift */,
				F37778151D5AE6E700AC2075 /* Video.swift */,
				F3E07AEF1D5C5B3D00DAB7C9 /* Favorite.swift */,
				F3E07AF11D5C86F000DAB7C9 /* ListVideoFavorite.swift */,
				F3A1F54F1D6474C2006C4C9C /* History.swift */,
				F353D4C21D86548C0051C52A /* Channel.swift */,
				F353D4C61D8662300051C52A /* SnippetChannel.swift */,
			);
			path = Models;
			sourceTree = "<group>";
		};
		F39A2CA81D550F2C003FC772 /* Webservices */ = {
			isa = PBXGroup;
			children = (
				F39A2CD01D5512A3003FC772 /* APIDefine.swift */,
				F39A2CD21D5512BB003FC772 /* APIRequest.swift */,
			);
			path = Webservices;
			sourceTree = "<group>";
		};
		F39A2CA91D550F2C003FC772 /* Libraries */ = {
			isa = PBXGroup;
			children = (
				F3985F8D1D7D23CC00B85E1F /* DraggableViewController */,
			);
			path = Libraries;
			sourceTree = "<group>";
		};
		F39A2CAB1D550F2C003FC772 /* Target */ = {
			isa = PBXGroup;
			children = (
				F37A0C571D558FE000CD7CC9 /* YouTube-Bridging-Header.h */,
				F37A0C5B1D558FF700CD7CC9 /* YTPlayerView-iframe-player.html */,
				F39A2C9B1D550E8F003FC772 /* Info.plist */,
				F37A0C581D558FE100CD7CC9 /* YTPlayerView.h */,
				F37A0C591D558FE100CD7CC9 /* YTPlayerView.m */,
			);
			path = Target;
			sourceTree = "<group>";
		};
		F39A2CB31D550F81003FC772 /* Resources */ = {
			isa = PBXGroup;
			children = (
				F39A2CBA1D551072003FC772 /* Fonts */,
				F39A2CB61D550FC7003FC772 /* LaunchScreen.storyboard */,
				F39A2CB41D550FC0003FC772 /* Assets.xcassets */,
			);
			path = Resources;
			sourceTree = "<group>";
		};
		F39A2CB91D55104F003FC772 /* ViewControllers */ = {
			isa = PBXGroup;
			children = (
				F3AAFB4F1DA1394100244736 /* PlayListViewController */,
				F39A2CD81D5516AA003FC772 /* AddFavoriteViewController */,
				F39A2CD91D5516AA003FC772 /* ContentViewController */,
				F36FDB601D746B4F00504A19 /* CustomTabBarViewController */,
				F3B097D91D557235000D9E84 /* DetailFavoriteViewController */,
				F3B097DA1D557235000D9E84 /* DetailVideoViewController */,
				F39A2CDC1D5516AA003FC772 /* FavoriteViewController */,
				F3B097DB1D557235000D9E84 /* HistoryViewController */,
				F39A2CBB1D5510E5003FC772 /* HomeViewController */,
				F37C657E1D6C394A000AA778 /* SearchViewController */,
				F3E825EA1D62A082005C6647 /* TrendingViewController */,
			);
			path = ViewControllers;
			sourceTree = "<group>";
		};
		F39A2CBA1D551072003FC772 /* Fonts */ = {
			isa = PBXGroup;
			children = (
				F393C04A1D5DC122000F6818 /* PhoneKeyCaps.ttf */,
				F393C0441D5DBF7C000F6818 /* Arial.ttf */,
				F393C0451D5DBF7C000F6818 /* ArialBold.ttf */,
				F393C0461D5DBF7C000F6818 /* TimesNewRoman.ttf */,
				F39A2CE21D551745003FC772 /* Neutra Text TF Light Demi.ttf */,
				F39A2CE31D551745003FC772 /* ufont.otf */,
			);
			path = Fonts;
			sourceTree = "<group>";
		};
		F39A2CBB1D5510E5003FC772 /* HomeViewController */ = {
			isa = PBXGroup;
			children = (
				F39A2CBC1D5510F8003FC772 /* HomeViewController.swift */,
				F39A2CBD1D5510F8003FC772 /* HomeViewController.xib */,
			);
			path = HomeViewController;
			sourceTree = "<group>";
		};
		F39A2CD81D5516AA003FC772 /* AddFavoriteViewController */ = {
			isa = PBXGroup;
			children = (
				F3B097FC1D557FC2000D9E84 /* AddFavoriteViewController.xib */,
				F3B097FB1D557FC2000D9E84 /* AddFavoriteViewController.swift */,
			);
			path = AddFavoriteViewController;
			sourceTree = "<group>";
		};
		F39A2CD91D5516AA003FC772 /* ContentViewController */ = {
			isa = PBXGroup;
			children = (
				F3B097BB1D555E90000D9E84 /* ContentViewController.swift */,
				F3B097BC1D555E90000D9E84 /* ContentViewController.xib */,
			);
			path = ContentViewController;
			sourceTree = "<group>";
		};
		F39A2CDC1D5516AA003FC772 /* FavoriteViewController */ = {
			isa = PBXGroup;
			children = (
				F39A2CEA1D551AB7003FC772 /* FavoriteViewController.swift */,
				F39A2CEB1D551AB7003FC772 /* FavoriteViewController.xib */,
			);
			path = FavoriteViewController;
			sourceTree = "<group>";
		};
		F39A2CDE1D5516FE003FC772 /* CategoryCell */ = {
			isa = PBXGroup;
			children = (
				F3B097BF1D5561CF000D9E84 /* CategoryCell.swift */,
				F3B097C01D5561CF000D9E84 /* CategoryCell.xib */,
			);
			path = CategoryCell;
			sourceTree = "<group>";
		};
		F39A2CDF1D5516FE003FC772 /* FavoriteCell */ = {
			isa = PBXGroup;
			children = (
				F3B097C71D556DCE000D9E84 /* FavoriteCell.swift */,
				F3B097C81D556DCE000D9E84 /* FavoriteCell.xib */,
			);
			path = FavoriteCell;
			sourceTree = "<group>";
		};
		F39A2CE01D5516FE003FC772 /* HistoryCell */ = {
			isa = PBXGroup;
			children = (
				F37C657A1D6BFF28000AA778 /* HistoryCell.swift */,
				F37C657B1D6BFF28000AA778 /* HistoryCell.xib */,
			);
			path = HistoryCell;
			sourceTree = "<group>";
		};
		F39A2CE11D5516FE003FC772 /* HomeCell */ = {
			isa = PBXGroup;
			children = (
				F3B097C31D5562EB000D9E84 /* HomeCell.swift */,
				F3B097C41D5562EB000D9E84 /* HomeCell.xib */,
			);
			path = HomeCell;
			sourceTree = "<group>";
		};
		F3AAFB4F1DA1394100244736 /* PlayListViewController */ = {
			isa = PBXGroup;
			children = (
				F3AAFB501DA1395300244736 /* PlayListViewController.swift */,
				F3AAFB511DA1395300244736 /* PlayListViewController.xib */,
			);
			path = PlayListViewController;
			sourceTree = "<group>";
		};
		F3B097D91D557235000D9E84 /* DetailFavoriteViewController */ = {
			isa = PBXGroup;
			children = (
				F3B097E01D5572A2000D9E84 /* DetailFavoriteViewController.swift */,
				F3B097E11D5572A2000D9E84 /* DetailFavoriteViewController.xib */,
			);
			path = DetailFavoriteViewController;
			sourceTree = "<group>";
		};
		F3B097DA1D557235000D9E84 /* DetailVideoViewController */ = {
			isa = PBXGroup;
			children = (
				F3B097E41D5575A5000D9E84 /* DetailVideoViewController.swift */,
				F3B097E51D5575A5000D9E84 /* DetailVideoViewController.xib */,
			);
			path = DetailVideoViewController;
			sourceTree = "<group>";
		};
		F3B097DB1D557235000D9E84 /* HistoryViewController */ = {
			isa = PBXGroup;
			children = (
				F3B097DC1D557264000D9E84 /* HistoryViewController.swift */,
				F3B097DD1D557264000D9E84 /* HistoryViewController.xib */,
			);
			path = HistoryViewController;
			sourceTree = "<group>";
		};
		F3E07AF31D5C899700DAB7C9 /* VideoFavoriteCell */ = {
			isa = PBXGroup;
			children = (
				F3E07AF41D5C89B200DAB7C9 /* VideoFavoriteCell.swift */,
				F3E07AF51D5C89B200DAB7C9 /* VideoFavoriteCell.xib */,
			);
			path = VideoFavoriteCell;
			sourceTree = "<group>";
		};
		F3E825EA1D62A082005C6647 /* TrendingViewController */ = {
			isa = PBXGroup;
			children = (
				F3E825EB1D62A093005C6647 /* TrendingViewController.swift */,
				F3E825EC1D62A093005C6647 /* TrendingViewController.xib */,
			);
			path = TrendingViewController;
			sourceTree = "<group>";
		};
/* End PBXGroup section */

/* Begin PBXNativeTarget section */
		F39A2C8B1D550E8F003FC772 /* YouTube */ = {
			isa = PBXNativeTarget;
			buildConfigurationList = F39A2C9E1D550E8F003FC772 /* Build configuration list for PBXNativeTarget "YouTube" */;
			buildPhases = (
				D952561A54EFF890AB423166 /* 📦 Check Pods Manifest.lock */,
				F39A2C881D550E8F003FC772 /* Sources */,
				F39A2C891D550E8F003FC772 /* Frameworks */,
				F39A2C8A1D550E8F003FC772 /* Resources */,
				F4452A67C876CF394F49E3C9 /* 📦 Embed Pods Frameworks */,
				B3717CA266DA6F27C4B3431A /* 📦 Copy Pods Resources */,
			);
			buildRules = (
			);
			dependencies = (
			);
			name = YouTube;
			productName = YouTube;
			productReference = F39A2C8C1D550E8F003FC772 /* YouTube.app */;
			productType = "com.apple.product-type.application";
		};
/* End PBXNativeTarget section */

/* Begin PBXProject section */
		F39A2C841D550E8F003FC772 /* Project object */ = {
			isa = PBXProject;
			attributes = {
				LastSwiftUpdateCheck = 0730;
				LastUpgradeCheck = 0730;
				ORGANIZATIONNAME = "Duy Tang";
				TargetAttributes = {
					F39A2C8B1D550E8F003FC772 = {
						CreatedOnToolsVersion = 7.3.1;
						DevelopmentTeam = 79ULVLGVJE;
					};
				};
			};
			buildConfigurationList = F39A2C871D550E8F003FC772 /* Build configuration list for PBXProject "YouTube" */;
			compatibilityVersion = "Xcode 3.2";
			developmentRegion = English;
			hasScannedForEncodings = 0;
			knownRegions = (
				en,
				Base,
			);
			mainGroup = F39A2C831D550E8F003FC772;
			productRefGroup = F39A2C8D1D550E8F003FC772 /* Products */;
			projectDirPath = "";
			projectRoot = "";
			targets = (
				F39A2C8B1D550E8F003FC772 /* YouTube */,
			);
		};
/* End PBXProject section */

/* Begin PBXResourcesBuildPhase section */
		F39A2C8A1D550E8F003FC772 /* Resources */ = {
			isa = PBXResourcesBuildPhase;
			buildActionMask = 2147483647;
			files = (
				F36FDB6E1D7475A200504A19 /* TabBarView.xib in Resources */,
				F3B097E71D5575A5000D9E84 /* DetailVideoViewController.xib in Resources */,
				F37C657D1D6BFF28000AA778 /* HistoryCell.xib in Resources */,
				F374C2371D76C3E7005EC196 /* ButtonCell.xib in Resources */,
				F39A2CB51D550FC0003FC772 /* Assets.xcassets in Resources */,
				F39A2CB81D550FC7003FC772 /* LaunchScreen.storyboard in Resources */,
				F3B097E31D5572A2000D9E84 /* DetailFavoriteViewController.xib in Resources */,
				F39A2CE51D551745003FC772 /* ufont.otf in Resources */,
				F39A2CED1D551AB7003FC772 /* FavoriteViewController.xib in Resources */,
				F3B097C61D5562EB000D9E84 /* HomeCell.xib in Resources */,
				F3B097FE1D557FC2000D9E84 /* AddFavoriteViewController.xib in Resources */,
				F35EE5951D5CC6CE005464CC /* PlayVideoCell.xib in Resources */,
				F3B097DF1D557264000D9E84 /* HistoryViewController.xib in Resources */,
				F3E825EE1D62A093005C6647 /* TrendingViewController.xib in Resources */,
				F3B097CA1D556DCE000D9E84 /* FavoriteCell.xib in Resources */,
				F3B097BE1D555E90000D9E84 /* ContentViewController.xib in Resources */,
				F37ED8F11D6D3E6D006205E5 /* ResultSearchCell.xib in Resources */,
				F3AAFB531DA1395300244736 /* PlayListViewController.xib in Resources */,
				F39A2CE41D551745003FC772 /* Neutra Text TF Light Demi.ttf in Resources */,
				F39A2CBF1D5510F8003FC772 /* HomeViewController.xib in Resources */,
				F3E07AF71D5C89B200DAB7C9 /* VideoFavoriteCell.xib in Resources */,
				F35EE5991D5CC774005464CC /* DecriptVideoCell.xib in Resources */,
				F3B097C21D5561CF000D9E84 /* CategoryCell.xib in Resources */,
				F37A0C5C1D558FF700CD7CC9 /* YTPlayerView-iframe-player.html in Resources */,
				F37C65821D6C3959000AA778 /* SearchViewController.xib in Resources */,
			);
			runOnlyForDeploymentPostprocessing = 0;
		};
/* End PBXResourcesBuildPhase section */

/* Begin PBXShellScriptBuildPhase section */
		B3717CA266DA6F27C4B3431A /* 📦 Copy Pods Resources */ = {
			isa = PBXShellScriptBuildPhase;
			buildActionMask = 2147483647;
			files = (
			);
			inputPaths = (
			);
			name = "📦 Copy Pods Resources";
			outputPaths = (
			);
			runOnlyForDeploymentPostprocessing = 0;
			shellPath = /bin/sh;
			shellScript = "\"${SRCROOT}/Pods/Target Support Files/Pods-YouTube/Pods-YouTube-resources.sh\"\n";
			showEnvVarsInLog = 0;
		};
		D952561A54EFF890AB423166 /* 📦 Check Pods Manifest.lock */ = {
			isa = PBXShellScriptBuildPhase;
			buildActionMask = 2147483647;
			files = (
			);
			inputPaths = (
			);
			name = "📦 Check Pods Manifest.lock";
			outputPaths = (
			);
			runOnlyForDeploymentPostprocessing = 0;
			shellPath = /bin/sh;
			shellScript = "diff \"${PODS_ROOT}/../Podfile.lock\" \"${PODS_ROOT}/Manifest.lock\" > /dev/null\nif [[ $? != 0 ]] ; then\n    cat << EOM\nerror: The sandbox is not in sync with the Podfile.lock. Run 'pod install' or update your CocoaPods installation.\nEOM\n    exit 1\nfi\n";
			showEnvVarsInLog = 0;
		};
		F4452A67C876CF394F49E3C9 /* 📦 Embed Pods Frameworks */ = {
			isa = PBXShellScriptBuildPhase;
			buildActionMask = 2147483647;
			files = (
			);
			inputPaths = (
			);
			name = "📦 Embed Pods Frameworks";
			outputPaths = (
			);
			runOnlyForDeploymentPostprocessing = 0;
			shellPath = /bin/sh;
			shellScript = "\"${SRCROOT}/Pods/Target Support Files/Pods-YouTube/Pods-YouTube-frameworks.sh\"\n";
			showEnvVarsInLog = 0;
		};
/* End PBXShellScriptBuildPhase section */

/* Begin PBXSourcesBuildPhase section */
		F39A2C881D550E8F003FC772 /* Sources */ = {
			isa = PBXSourcesBuildPhase;
			buildActionMask = 2147483647;
			files = (
				F3985F8F1D7D23E400B85E1F /* AICustomViewControllerTransition.swift in Sources */,
				F39A2CAD1D550F51003FC772 /* AppDelegate.swift in Sources */,
				F39A2CC31D551134003FC772 /* BaseCollectionViewCell.swift in Sources */,
				F353D4CB1D866A620051C52A /* CategoryService.swift in Sources */,
				F3A1F5501D6474C2006C4C9C /* History.swift in Sources */,
				F3B097C51D5562EB000D9E84 /* HomeCell.swift in Sources */,
				F3B097DE1D557264000D9E84 /* HistoryViewController.swift in Sources */,
				F37778161D5AE6E700AC2075 /* Video.swift in Sources */,
				F3E07AF21D5C86F000DAB7C9 /* ListVideoFavorite.swift in Sources */,
				F3B097BD1D555E90000D9E84 /* ContentViewController.swift in Sources */,
				F35EE5981D5CC774005464CC /* DecriptVideoCell.swift in Sources */,
				F3E58B9C1D6B1CE6004BB244 /* TabbarDefine.swift in Sources */,
				F3B097E21D5572A2000D9E84 /* DetailFavoriteViewController.swift in Sources */,
				F36FDB6A1D74717B00504A19 /* CustomTabBarController.swift in Sources */,
				F37C65791D6BFED9000AA778 /* Font.swift in Sources */,
				F3E07AF61D5C89B200DAB7C9 /* VideoFavoriteCell.swift in Sources */,
				F39A2CBE1D5510F8003FC772 /* HomeViewController.swift in Sources */,
				F3B097C11D5561CF000D9E84 /* CategoryCell.swift in Sources */,
				F3985F911D7D24EF00B85E1F /* DraggableVideo.swift in Sources */,
				F39A2CCF1D5511D6003FC772 /* BaseTabbarViewController.swift in Sources */,
				F353D4C91D866A230051C52A /* VideoService.swift in Sources */,
				F36FDB6C1D74758400504A19 /* TabBarView.swift in Sources */,
				F37778141D5AE6A000AC2075 /* Category.swift in Sources */,
				F35EE5941D5CC6CE005464CC /* PlayVideoCell.swift in Sources */,
				F39A2CC51D55114C003FC772 /* BaseNavigationController.swift in Sources */,
				F39A2CEC1D551AB7003FC772 /* FavoriteViewController.swift in Sources */,
				F374C23A1D76DC5F005EC196 /* RealmManager.swift in Sources */,
				F374C2361D76C3E7005EC196 /* ButtonCell.swift in Sources */,
				F39A2CC91D55117B003FC772 /* BaseTableViewCell.swift in Sources */,
				F3E58B9A1D6B1CAB004BB244 /* NotificationDefine.swift in Sources */,
				F39A2CD71D551309003FC772 /* AppDefine.swift in Sources */,
				F353D4C31D86548C0051C52A /* Channel.swift in Sources */,
				F3B2F9921D65A8050082FE1B /* String.swift in Sources */,
				F353D4C71D8662300051C52A /* SnippetChannel.swift in Sources */,
				F39A2CCD1D5511AE003FC772 /* BaseViewController.swift in Sources */,
				F37778181D5AEA9A00AC2075 /* UIImageView.swift in Sources */,
				F37A0C5A1D558FE100CD7CC9 /* YTPlayerView.m in Sources */,
				F3E58B931D6AA6C1004BB244 /* Message.swift in Sources */,
				F39A2CD11D5512A3003FC772 /* APIDefine.swift in Sources */,
				F37C65811D6C3959000AA778 /* SearchViewController.swift in Sources */,
				F3E07AF01D5C5B3D00DAB7C9 /* Favorite.swift in Sources */,
				F37ED8F01D6D3E6D006205E5 /* ResultSearchCell.swift in Sources */,
				F39A2CC71D551161003FC772 /* BaseTableView.swift in Sources */,
				F3E825ED1D62A093005C6647 /* TrendingViewController.swift in Sources */,
				F3AAFB521DA1395300244736 /* PlayListViewController.swift in Sources */,
				F39A2CD51D5512F1003FC772 /* UIColor.swift in Sources */,
				F3B097FD1D557FC2000D9E84 /* AddFavoriteViewController.swift in Sources */,
				F39A2CC11D55111F003FC772 /* BaseCollectionView.swift in Sources */,
				F39598951D59B9120030BF82 /* UIView.swift in Sources */,
				F37C657C1D6BFF28000AA778 /* HistoryCell.swift in Sources */,
				F3B097C91D556DCE000D9E84 /* FavoriteCell.swift in Sources */,
				F39A2CD31D5512BB003FC772 /* APIRequest.swift in Sources */,
				F39A2CCB1D551191003FC772 /* BaseView.swift in Sources */,
				F3B097E61D5575A5000D9E84 /* DetailVideoViewController.swift in Sources */,
			);
			runOnlyForDeploymentPostprocessing = 0;
		};
/* End PBXSourcesBuildPhase section */

/* Begin PBXVariantGroup section */
		F39A2CB61D550FC7003FC772 /* LaunchScreen.storyboard */ = {
			isa = PBXVariantGroup;
			children = (
				F39A2CB71D550FC7003FC772 /* Base */,
			);
			name = LaunchScreen.storyboard;
			sourceTree = "<group>";
		};
/* End PBXVariantGroup section */

/* Begin XCBuildConfiguration section */
		F39A2C9C1D550E8F003FC772 /* Debug */ = {
			isa = XCBuildConfiguration;
			buildSettings = {
				ALWAYS_SEARCH_USER_PATHS = NO;
				CLANG_ANALYZER_NONNULL = YES;
				CLANG_CXX_LANGUAGE_STANDARD = "gnu++0x";
				CLANG_CXX_LIBRARY = "libc++";
				CLANG_ENABLE_MODULES = YES;
				CLANG_ENABLE_OBJC_ARC = YES;
				CLANG_WARN_BOOL_CONVERSION = YES;
				CLANG_WARN_CONSTANT_CONVERSION = YES;
				CLANG_WARN_DIRECT_OBJC_ISA_USAGE = YES_ERROR;
				CLANG_WARN_EMPTY_BODY = YES;
				CLANG_WARN_ENUM_CONVERSION = YES;
				CLANG_WARN_INT_CONVERSION = YES;
				CLANG_WARN_OBJC_ROOT_CLASS = YES_ERROR;
				CLANG_WARN_UNREACHABLE_CODE = YES;
				CLANG_WARN__DUPLICATE_METHOD_MATCH = YES;
				"CODE_SIGN_IDENTITY[sdk=iphoneos*]" = "iPhone Developer";
				COPY_PHASE_STRIP = NO;
				DEBUG_INFORMATION_FORMAT = dwarf;
				ENABLE_STRICT_OBJC_MSGSEND = YES;
				ENABLE_TESTABILITY = YES;
				GCC_C_LANGUAGE_STANDARD = gnu99;
				GCC_DYNAMIC_NO_PIC = NO;
				GCC_NO_COMMON_BLOCKS = YES;
				GCC_OPTIMIZATION_LEVEL = 0;
				GCC_PREPROCESSOR_DEFINITIONS = (
					"DEBUG=1",
					"$(inherited)",
				);
				GCC_WARN_64_TO_32_BIT_CONVERSION = YES;
				GCC_WARN_ABOUT_RETURN_TYPE = YES_ERROR;
				GCC_WARN_UNDECLARED_SELECTOR = YES;
				GCC_WARN_UNINITIALIZED_AUTOS = YES_AGGRESSIVE;
				GCC_WARN_UNUSED_FUNCTION = YES;
				GCC_WARN_UNUSED_VARIABLE = YES;
				IPHONEOS_DEPLOYMENT_TARGET = 9.3;
				MTL_ENABLE_DEBUG_INFO = YES;
				ONLY_ACTIVE_ARCH = YES;
				SDKROOT = iphoneos;
				SWIFT_OPTIMIZATION_LEVEL = "-Onone";
			};
			name = Debug;
		};
		F39A2C9D1D550E8F003FC772 /* Release */ = {
			isa = XCBuildConfiguration;
			buildSettings = {
				ALWAYS_SEARCH_USER_PATHS = NO;
				CLANG_ANALYZER_NONNULL = YES;
				CLANG_CXX_LANGUAGE_STANDARD = "gnu++0x";
				CLANG_CXX_LIBRARY = "libc++";
				CLANG_ENABLE_MODULES = YES;
				CLANG_ENABLE_OBJC_ARC = YES;
				CLANG_WARN_BOOL_CONVERSION = YES;
				CLANG_WARN_CONSTANT_CONVERSION = YES;
				CLANG_WARN_DIRECT_OBJC_ISA_USAGE = YES_ERROR;
				CLANG_WARN_EMPTY_BODY = YES;
				CLANG_WARN_ENUM_CONVERSION = YES;
				CLANG_WARN_INT_CONVERSION = YES;
				CLANG_WARN_OBJC_ROOT_CLASS = YES_ERROR;
				CLANG_WARN_UNREACHABLE_CODE = YES;
				CLANG_WARN__DUPLICATE_METHOD_MATCH = YES;
				"CODE_SIGN_IDENTITY[sdk=iphoneos*]" = "iPhone Developer";
				COPY_PHASE_STRIP = NO;
				DEBUG_INFORMATION_FORMAT = "dwarf-with-dsym";
				ENABLE_NS_ASSERTIONS = NO;
				ENABLE_STRICT_OBJC_MSGSEND = YES;
				GCC_C_LANGUAGE_STANDARD = gnu99;
				GCC_NO_COMMON_BLOCKS = YES;
				GCC_WARN_64_TO_32_BIT_CONVERSION = YES;
				GCC_WARN_ABOUT_RETURN_TYPE = YES_ERROR;
				GCC_WARN_UNDECLARED_SELECTOR = YES;
				GCC_WARN_UNINITIALIZED_AUTOS = YES_AGGRESSIVE;
				GCC_WARN_UNUSED_FUNCTION = YES;
				GCC_WARN_UNUSED_VARIABLE = YES;
				IPHONEOS_DEPLOYMENT_TARGET = 9.3;
				MTL_ENABLE_DEBUG_INFO = NO;
				SDKROOT = iphoneos;
				VALIDATE_PRODUCT = YES;
			};
			name = Release;
		};
		F39A2C9F1D550E8F003FC772 /* Debug */ = {
			isa = XCBuildConfiguration;
			baseConfigurationReference = 70E2451E2A40AB9366DF073C /* Pods-YouTube.debug.xcconfig */;
			buildSettings = {
				ASSETCATALOG_COMPILER_APPICON_NAME = AppIcon;
				CLANG_ENABLE_MODULES = YES;
				CODE_SIGN_IDENTITY = "iPhone Developer";
				ENABLE_BITCODE = NO;
				INFOPLIST_FILE = YouTube/Info.plist;
				LD_RUNPATH_SEARCH_PATHS = "$(inherited) @executable_path/Frameworks";
				PRODUCT_BUNDLE_IDENTIFIER = com.duytang.YouTube;
				PRODUCT_NAME = "$(TARGET_NAME)";
				SWIFT_OBJC_BRIDGING_HEADER = "YouTube/YouTube-Bridging-Header.h";
				SWIFT_OPTIMIZATION_LEVEL = "-Onone";
			};
			name = Debug;
		};
		F39A2CA01D550E8F003FC772 /* Release */ = {
			isa = XCBuildConfiguration;
			baseConfigurationReference = 435F9E24889FD396A037DDA8 /* Pods-YouTube.release.xcconfig */;
			buildSettings = {
				ASSETCATALOG_COMPILER_APPICON_NAME = AppIcon;
				CLANG_ENABLE_MODULES = YES;
				CODE_SIGN_IDENTITY = "iPhone Developer";
				ENABLE_BITCODE = NO;
				INFOPLIST_FILE = YouTube/Info.plist;
				LD_RUNPATH_SEARCH_PATHS = "$(inherited) @executable_path/Frameworks";
				PRODUCT_BUNDLE_IDENTIFIER = com.duytang.YouTube;
				PRODUCT_NAME = "$(TARGET_NAME)";
				SWIFT_OBJC_BRIDGING_HEADER = "YouTube/YouTube-Bridging-Header.h";
			};
			name = Release;
		};
/* End XCBuildConfiguration section */

/* Begin XCConfigurationList section */
		F39A2C871D550E8F003FC772 /* Build configuration list for PBXProject "YouTube" */ = {
			isa = XCConfigurationList;
			buildConfigurations = (
				F39A2C9C1D550E8F003FC772 /* Debug */,
				F39A2C9D1D550E8F003FC772 /* Release */,
			);
			defaultConfigurationIsVisible = 0;
			defaultConfigurationName = Release;
		};
		F39A2C9E1D550E8F003FC772 /* Build configuration list for PBXNativeTarget "YouTube" */ = {
			isa = XCConfigurationList;
			buildConfigurations = (
				F39A2C9F1D550E8F003FC772 /* Debug */,
				F39A2CA01D550E8F003FC772 /* Release */,
			);
			defaultConfigurationIsVisible = 0;
			defaultConfigurationName = Release;
		};
/* End XCConfigurationList section */
	};
	rootObject = F39A2C841D550E8F003FC772 /* Project object */;
}
